{
  "requires": true,
  "lockfileVersion": 1,
  "dependencies": {
    "dayjs": {
      "version": "1.10.3",
      "resolved": "https://registry.npm.taobao.org/dayjs/download/dayjs-1.10.3.tgz?cache=0&sync_timestamp=1610178126836&other_urls=https%3A%2F%2Fregistry.npm.taobao.org%2Fdayjs%2Fdownload%2Fdayjs-1.10.3.tgz",
      "integrity": "sha1-zzNXyOf1CEMoJjcWcuvzdst9YZs="
    }
  }
}
